// !$*UTF8*$!
{
	archiveVersion = 1;
	classes = {
	};
	objectVersion = 50;
	objects = {

/* Begin PBXBuildFile section */
		250A7C9AAF954458DB3E7221 /* Pods_DataTranferWithDelegateTests.framework in Frameworks */ = {isa = PBXBuildFile; fileRef = E4B1E53AFADEAF8F43677532 /* Pods_DataTranferWithDelegateTests.framework */; };
		31698F73237ECABB00A273D5 /* AppDelegate.swift in Sources */ = {isa = PBXBuildFile; fileRef = 31698F72237ECABB00A273D5 /* AppDelegate.swift */; };
		31698F75237ECABB00A273D5 /* ViewController.swift in Sources */ = {isa = PBXBuildFile; fileRef = 31698F74237ECABB00A273D5 /* ViewController.swift */; };
		31698F78237ECABB00A273D5 /* Main.storyboard in Resources */ = {isa = PBXBuildFile; fileRef = 31698F76237ECABB00A273D5 /* Main.storyboard */; };
		31698F7A237ECABE00A273D5 /* Assets.xcassets in Resources */ = {isa = PBXBuildFile; fileRef = 31698F79237ECABE00A273D5 /* Assets.xcassets */; };
		31698F7D237ECABE00A273D5 /* LaunchScreen.storyboard in Resources */ = {isa = PBXBuildFile; fileRef = 31698F7B237ECABE00A273D5 /* LaunchScreen.storyboard */; };
		31698F88237ECABE00A273D5 /* DataTranferWithDelegateTests.swift in Sources */ = {isa = PBXBuildFile; fileRef = 31698F87237ECABE00A273D5 /* DataTranferWithDelegateTests.swift */; };
		31698F93237ECABE00A273D5 /* DataTranferWithDelegateUITests.swift in Sources */ = {isa = PBXBuildFile; fileRef = 31698F92237ECABE00A273D5 /* DataTranferWithDelegateUITests.swift */; };
		31698FA1237ECB1400A273D5 /* secondViewController.swift in Sources */ = {isa = PBXBuildFile; fileRef = 31698FA0237ECB1400A273D5 /* secondViewController.swift */; };
		31698FA5237ECB4D00A273D5 /* delegateProtocol.swift in Sources */ = {isa = PBXBuildFile; fileRef = 31698FA4237ECB4D00A273D5 /* delegateProtocol.swift */; };
		7B4A821ABF1A9825AEDD7534 /* Pods_DataTranferWithDelegate.framework in Frameworks */ = {isa = PBXBuildFile; fileRef = 88335F6E06E5810017832C0F /* Pods_DataTranferWithDelegate.framework */; };
		D4A6E18489C69E5E4234D4F6 /* Pods_DataTranferWithDelegateUITests.framework in Frameworks */ = {isa = PBXBuildFile; fileRef = EA93D0DE0D23949F3192D048 /* Pods_DataTranferWithDelegateUITests.framework */; };
/* End PBXBuildFile section */

/* Begin PBXContainerItemProxy section */
		31698F84237ECABE00A273D5 /* PBXContainerItemProxy */ = {
			isa = PBXContainerItemProxy;
			containerPortal = 31698F67237ECABB00A273D5 /* Project object */;
			proxyType = 1;
			remoteGlobalIDString = 31698F6E237ECABB00A273D5;
			remoteInfo = DataTranferWithDelegate;
		};
		31698F8F237ECABE00A273D5 /* PBXContainerItemProxy */ = {
			isa = PBXContainerItemProxy;
			containerPortal = 31698F67237ECABB00A273D5 /* Project object */;
			proxyType = 1;
			remoteGlobalIDString = 31698F6E237ECABB00A273D5;
			remoteInfo = DataTranferWithDelegate;
		};
/* End PBXContainerItemProxy section */

/* Begin PBXFileReference section */
		1D9BBFBB44145824612CB1F1 /* Pods-DataTranferWithDelegateTests.debug.xcconfig */ = {isa = PBXFileReference; includeInIndex = 1; lastKnownFileType = text.xcconfig; name = "Pods-DataTranferWithDelegateTests.debug.xcconfig"; path = "Pods/Target Support Files/Pods-DataTranferWithDelegateTests/Pods-DataTranferWithDelegateTests.debug.xcconfig"; sourceTree = "<group>"; };
		31698F6F237ECABB00A273D5 /* DataTranferWithDelegate.app */ = {isa = PBXFileReference; explicitFileType = wrapper.application; includeInIndex = 0; path = DataTranferWithDelegate.app; sourceTree = BUILT_PRODUCTS_DIR; };
		31698F72237ECABB00A273D5 /* AppDelegate.swift */ = {isa = PBXFileReference; lastKnownFileType = sourcecode.swift; path = AppDelegate.swift; sourceTree = "<group>"; };
		31698F74237ECABB00A273D5 /* ViewController.swift */ = {isa = PBXFileReference; lastKnownFileType = sourcecode.swift; path = ViewController.swift; sourceTree = "<group>"; };
		31698F77237ECABB00A273D5 /* Base */ = {isa = PBXFileReference; lastKnownFileType = file.storyboard; name = Base; path = Base.lproj/Main.storyboard; sourceTree = "<group>"; };
		31698F79237ECABE00A273D5 /* Assets.xcassets */ = {isa = PBXFileReference; lastKnownFileType = folder.assetcatalog; path = Assets.xcassets; sourceTree = "<group>"; };
		31698F7C237ECABE00A273D5 /* Base */ = {isa = PBXFileReference; lastKnownFileType = file.storyboard; name = Base; path = Base.lproj/LaunchScreen.storyboard; sourceTree = "<group>"; };
		31698F7E237ECABE00A273D5 /* Info.plist */ = {isa = PBXFileReference; lastKnownFileType = text.plist.xml; path = Info.plist; sourceTree = "<group>"; };
		31698F83237ECABE00A273D5 /* DataTranferWithDelegateTests.xctest */ = {isa = PBXFileReference; explicitFileType = wrapper.cfbundle; includeInIndex = 0; path = DataTranferWithDelegateTests.xctest; sourceTree = BUILT_PRODUCTS_DIR; };
		31698F87237ECABE00A273D5 /* DataTranferWithDelegateTests.swift */ = {isa = PBXFileReference; lastKnownFileType = sourcecode.swift; path = DataTranferWithDelegateTests.swift; sourceTree = "<group>"; };
		31698F89237ECABE00A273D5 /* Info.plist */ = {isa = PBXFileReference; lastKnownFileType = text.plist.xml; path = Info.plist; sourceTree = "<group>"; };
		31698F8E237ECABE00A273D5 /* DataTranferWithDelegateUITests.xctest */ = {isa = PBXFileReference; explicitFileType = wrapper.cfbundle; includeInIndex = 0; path = DataTranferWithDelegateUITests.xctest; sourceTree = BUILT_PRODUCTS_DIR; };
		31698F92237ECABE00A273D5 /* DataTranferWithDelegateUITests.swift */ = {isa = PBXFileReference; lastKnownFileType = sourcecode.swift; path = DataTranferWithDelegateUITests.swift; sourceTree = "<group>"; };
		31698F94237ECABE00A273D5 /* Info.plist */ = {isa = PBXFileReference; lastKnownFileType = text.plist.xml; path = Info.plist; sourceTree = "<group>"; };
		31698FA0237ECB1400A273D5 /* secondViewController.swift */ = {isa = PBXFileReference; lastKnownFileType = sourcecode.swift; path = secondViewController.swift; sourceTree = "<group>"; };
		31698FA4237ECB4D00A273D5 /* delegateProtocol.swift */ = {isa = PBXFileReference; lastKnownFileType = sourcecode.swift; path = delegateProtocol.swift; sourceTree = "<group>"; };
		4BEC44DFBEAC21C0B62DF768 /* Pods-DataTranferWithDelegateTests.release.xcconfig */ = {isa = PBXFileReference; includeInIndex = 1; lastKnownFileType = text.xcconfig; name = "Pods-DataTranferWithDelegateTests.release.xcconfig"; path = "Pods/Target Support Files/Pods-DataTranferWithDelegateTests/Pods-DataTranferWithDelegateTests.release.xcconfig"; sourceTree = "<group>"; };
		56166586D0D077F646ECC223 /* Pods-DataTranferWithDelegateUITests.release.xcconfig */ = {isa = PBXFileReference; includeInIndex = 1; lastKnownFileType = text.xcconfig; name = "Pods-DataTranferWithDelegateUITests.release.xcconfig"; path = "Pods/Target Support Files/Pods-DataTranferWithDelegateUITests/Pods-DataTranferWithDelegateUITests.release.xcconfig"; sourceTree = "<group>"; };
		60E02BD5B20BFF6512278A88 /* Pods-DataTranferWithDelegateUITests.debug.xcconfig */ = {isa = PBXFileReference; includeInIndex = 1; lastKnownFileType = text.xcconfig; name = "Pods-DataTranferWithDelegateUITests.debug.xcconfig"; path = "Pods/Target Support Files/Pods-DataTranferWithDelegateUITests/Pods-DataTranferWithDelegateUITests.debug.xcconfig"; sourceTree = "<group>"; };
		7CEE963B24A01A979704DC06 /* Pods-DataTranferWithDelegate.release.xcconfig */ = {isa = PBXFileReference; includeInIndex = 1; lastKnownFileType = text.xcconfig; name = "Pods-DataTranferWithDelegate.release.xcconfig"; path = "Pods/Target Support Files/Pods-DataTranferWithDelegate/Pods-DataTranferWithDelegate.release.xcconfig"; sourceTree = "<group>"; };
		88335F6E06E5810017832C0F /* Pods_DataTranferWithDelegate.framework */ = {isa = PBXFileReference; explicitFileType = wrapper.framework; includeInIndex = 0; path = Pods_DataTranferWithDelegate.framework; sourceTree = BUILT_PRODUCTS_DIR; };
		E4B1E53AFADEAF8F43677532 /* Pods_DataTranferWithDelegateTests.framework */ = {isa = PBXFileReference; explicitFileType = wrapper.framework; includeInIndex = 0; path = Pods_DataTranferWithDelegateTests.framework; sourceTree = BUILT_PRODUCTS_DIR; };
		EA93D0DE0D23949F3192D048 /* Pods_DataTranferWithDelegateUITests.framework */ = {isa = PBXFileReference; explicitFileType = wrapper.framework; includeInIndex = 0; path = Pods_DataTranferWithDelegateUITests.framework; sourceTree = BUILT_PRODUCTS_DIR; };
		F79C70A48904EF4BA28BC06E /* Pods-DataTranferWithDelegate.debug.xcconfig */ = {isa = PBXFileReference; includeInIndex = 1; lastKnownFileType = text.xcconfig; name = "Pods-DataTranferWithDelegate.debug.xcconfig"; path = "Pods/Target Support Files/Pods-DataTranferWithDelegate/Pods-DataTranferWithDelegate.debug.xcconfig"; sourceTree = "<group>"; };
/* End PBXFileReference section */

/* Begin PBXFrameworksBuildPhase section */
		31698F6C237ECABB00A273D5 /* Frameworks */ = {
			isa = PBXFrameworksBuildPhase;
			buildActionMask = 2147483647;
			files = (
				7B4A821ABF1A9825AEDD7534 /* Pods_DataTranferWithDelegate.framework in Frameworks */,
			);
			runOnlyForDeploymentPostprocessing = 0;
		};
		31698F80237ECABE00A273D5 /* Frameworks */ = {
			isa = PBXFrameworksBuildPhase;
			buildActionMask = 2147483647;
			files = (
				250A7C9AAF954458DB3E7221 /* Pods_DataTranferWithDelegateTests.framework in Frameworks */,
			);
			runOnlyForDeploymentPostprocessing = 0;
		};
		31698F8B237ECABE00A273D5 /* Frameworks */ = {
			isa = PBXFrameworksBuildPhase;
			buildActionMask = 2147483647;
			files = (
				D4A6E18489C69E5E4234D4F6 /* Pods_DataTranferWithDelegateUITests.framework in Frameworks */,
			);
			runOnlyForDeploymentPostprocessing = 0;
		};
/* End PBXFrameworksBuildPhase section */

/* Begin PBXGroup section */
		31698F66237ECABB00A273D5 = {
			isa = PBXGroup;
			children = (
				31698F71237ECABB00A273D5 /* DataTranferWithDelegate */,
				31698F86237ECABE00A273D5 /* DataTranferWithDelegateTests */,
				31698F91237ECABE00A273D5 /* DataTranferWithDelegateUITests */,
				31698F70237ECABB00A273D5 /* Products */,
				3534ED64D29E63743EE0F9BE /* Pods */,
				7736264D97592F0D6AC31EC8 /* Frameworks */,
			);
			sourceTree = "<group>";
		};
		31698F70237ECABB00A273D5 /* Products */ = {
			isa = PBXGroup;
			children = (
				31698F6F237ECABB00A273D5 /* DataTranferWithDelegate.app */,
				31698F83237ECABE00A273D5 /* DataTranferWithDelegateTests.xctest */,
				31698F8E237ECABE00A273D5 /* DataTranferWithDelegateUITests.xctest */,
			);
			name = Products;
			sourceTree = "<group>";
		};
		31698F71237ECABB00A273D5 /* DataTranferWithDelegate */ = {
			isa = PBXGroup;
			children = (
				31698F72237ECABB00A273D5 /* AppDelegate.swift */,
				31698F74237ECABB00A273D5 /* ViewController.swift */,
				31698F76237ECABB00A273D5 /* Main.storyboard */,
				31698F79237ECABE00A273D5 /* Assets.xcassets */,
				31698F7B237ECABE00A273D5 /* LaunchScreen.storyboard */,
				31698F7E237ECABE00A273D5 /* Info.plist */,
				31698FA0237ECB1400A273D5 /* secondViewController.swift */,
				31698FA4237ECB4D00A273D5 /* delegateProtocol.swift */,
			);
			path = DataTranferWithDelegate;
			sourceTree = "<group>";
		};
		31698F86237ECABE00A273D5 /* DataTranferWithDelegateTests */ = {
			isa = PBXGroup;
			children = (
				31698F87237ECABE00A273D5 /* DataTranferWithDelegateTests.swift */,
				31698F89237ECABE00A273D5 /* Info.plist */,
			);
			path = DataTranferWithDelegateTests;
			sourceTree = "<group>";
		};
		31698F91237ECABE00A273D5 /* DataTranferWithDelegateUITests */ = {
			isa = PBXGroup;
			children = (
				31698F92237ECABE00A273D5 /* DataTranferWithDelegateUITests.swift */,
				31698F94237ECABE00A273D5 /* Info.plist */,
			);
			path = DataTranferWithDelegateUITests;
			sourceTree = "<group>";
		};
		3534ED64D29E63743EE0F9BE /* Pods */ = {
			isa = PBXGroup;
			children = (
				F79C70A48904EF4BA28BC06E /* Pods-DataTranferWithDelegate.debug.xcconfig */,
				7CEE963B24A01A979704DC06 /* Pods-DataTranferWithDelegate.release.xcconfig */,
				1D9BBFBB44145824612CB1F1 /* Pods-DataTranferWithDelegateTests.debug.xcconfig */,
				4BEC44DFBEAC21C0B62DF768 /* Pods-DataTranferWithDelegateTests.release.xcconfig */,
				60E02BD5B20BFF6512278A88 /* Pods-DataTranferWithDelegateUITests.debug.xcconfig */,
				56166586D0D077F646ECC223 /* Pods-DataTranferWithDelegateUITests.release.xcconfig */,
			);
			name = Pods;
			sourceTree = "<group>";
		};
		7736264D97592F0D6AC31EC8 /* Frameworks */ = {
			isa = PBXGroup;
			children = (
				88335F6E06E5810017832C0F /* Pods_DataTranferWithDelegate.framework */,
				E4B1E53AFADEAF8F43677532 /* Pods_DataTranferWithDelegateTests.framework */,
				EA93D0DE0D23949F3192D048 /* Pods_DataTranferWithDelegateUITests.framework */,
			);
			name = Frameworks;
			sourceTree = "<group>";
		};
/* End PBXGroup section */

/* Begin PBXNativeTarget section */
		31698F6E237ECABB00A273D5 /* DataTranferWithDelegate */ = {
			isa = PBXNativeTarget;
			buildConfigurationList = 31698F97237ECABE00A273D5 /* Build configuration list for PBXNativeTarget "DataTranferWithDelegate" */;
			buildPhases = (
				A501ACA09C0D1B8A1486C8D8 /* [CP] Check Pods Manifest.lock */,
				31698F6B237ECABB00A273D5 /* Sources */,
				31698F6C237ECABB00A273D5 /* Frameworks */,
				31698F6D237ECABB00A273D5 /* Resources */,
				FA400C54625E927973069D7A /* [CP] Embed Pods Frameworks */,
			);
			buildRules = (
			);
			dependencies = (
			);
			name = DataTranferWithDelegate;
			productName = DataTranferWithDelegate;
			productReference = 31698F6F237ECABB00A273D5 /* DataTranferWithDelegate.app */;
			productType = "com.apple.product-type.application";
		};
		31698F82237ECABE00A273D5 /* DataTranferWithDelegateTests */ = {
			isa = PBXNativeTarget;
			buildConfigurationList = 31698F9A237ECABE00A273D5 /* Build configuration list for PBXNativeTarget "DataTranferWithDelegateTests" */;
			buildPhases = (
				BE3400C4BCCBE2089F856C16 /* [CP] Check Pods Manifest.lock */,
				31698F7F237ECABE00A273D5 /* Sources */,
				31698F80237ECABE00A273D5 /* Frameworks */,
				31698F81237ECABE00A273D5 /* Resources */,
			);
			buildRules = (
			);
			dependencies = (
				31698F85237ECABE00A273D5 /* PBXTargetDependency */,
			);
			name = DataTranferWithDelegateTests;
			productName = DataTranferWithDelegateTests;
			productReference = 31698F83237ECABE00A273D5 /* DataTranferWithDelegateTests.xctest */;
			productType = "com.apple.product-type.bundle.unit-test";
		};
		31698F8D237ECABE00A273D5 /* DataTranferWithDelegateUITests */ = {
			isa = PBXNativeTarget;
			buildConfigurationList = 31698F9D237ECABE00A273D5 /* Build configuration list for PBXNativeTarget "DataTranferWithDelegateUITests" */;
			buildPhases = (
				5B5522308F561E782D77299F /* [CP] Check Pods Manifest.lock */,
				31698F8A237ECABE00A273D5 /* Sources */,
				31698F8B237ECABE00A273D5 /* Frameworks */,
				31698F8C237ECABE00A273D5 /* Resources */,
			);
			buildRules = (
			);
			dependencies = (
				31698F90237ECABE00A273D5 /* PBXTargetDependency */,
			);
			name = DataTranferWithDelegateUITests;
			productName = DataTranferWithDelegateUITests;
			productReference = 31698F8E237ECABE00A273D5 /* DataTranferWithDelegateUITests.xctest */;
			productType = "com.apple.product-type.bundle.ui-testing";
		};
/* End PBXNativeTarget section */

/* Begin PBXProject section */
		31698F67237ECABB00A273D5 /* Project object */ = {
			isa = PBXProject;
			attributes = {
				LastSwiftUpdateCheck = 1010;
				LastUpgradeCheck = 1010;
				ORGANIZATIONNAME = "R Shantha Kumar";
				TargetAttributes = {
					31698F6E237ECABB00A273D5 = {
						CreatedOnToolsVersion = 10.1;
					};
					31698F82237ECABE00A273D5 = {
						CreatedOnToolsVersion = 10.1;
						TestTargetID = 31698F6E237ECABB00A273D5;
					};
					31698F8D237ECABE00A273D5 = {
						CreatedOnToolsVersion = 10.1;
						TestTargetID = 31698F6E237ECABB00A273D5;
					};
				};
			};
			buildConfigurationList = 31698F6A237ECABB00A273D5 /* Build configuration list for PBXProject "DataTranferWithDelegate" */;
			compatibilityVersion = "Xcode 9.3";
			developmentRegion = en;
			hasScannedForEncodings = 0;
			knownRegions = (
				en,
				Base,
			);
			mainGroup = 31698F66237ECABB00A273D5;
			productRefGroup = 31698F70237ECABB00A273D5 /* Products */;
			projectDirPath = "";
			projectRoot = "";
			targets = (
				31698F6E237ECABB00A273D5 /* DataTranferWithDelegate */,
				31698F82237ECABE00A273D5 /* DataTranferWithDelegateTests */,
				31698F8D237ECABE00A273D5 /* DataTranferWithDelegateUITests */,
			);
		};
/* End PBXProject section */

/* Begin PBXResourcesBuildPhase section */
		31698F6D237ECABB00A273D5 /* Resources */ = {
			isa = PBXResourcesBuildPhase;
			buildActionMask = 2147483647;
			files = (
				31698F7D237ECABE00A273D5 /* LaunchScreen.storyboard in Resources */,
				31698F7A237ECABE00A273D5 /* Assets.xcassets in Resources */,
				31698F78237ECABB00A273D5 /* Main.storyboard in Resources */,
			);
			runOnlyForDeploymentPostprocessing = 0;
		};
		31698F81237ECABE00A273D5 /* Resources */ = {
			isa = PBXResourcesBuildPhase;
			buildActionMask = 2147483647;
			files = (
			);
			runOnlyForDeploymentPostprocessing = 0;
		};
		31698F8C237ECABE00A273D5 /* Resources */ = {
			isa = PBXResourcesBuildPhase;
			buildActionMask = 2147483647;
			files = (
			);
			runOnlyForDeploymentPostprocessing = 0;
		};
/* End PBXResourcesBuildPhase section */

/* Begin PBXShellScriptBuildPhase section */
		5B5522308F561E782D77299F /* [CP] Check Pods Manifest.lock */ = {
			isa = PBXShellScriptBuildPhase;
			buildActionMask = 2147483647;
			files = (
			);
			inputPaths = (
				"${PODS_PODFILE_DIR_PATH}/Podfile.lock",
				"${PODS_ROOT}/Manifest.lock",
			);
			name = "[CP] Check Pods Manifest.lock";
			outputPaths = (
				"$(DERIVED_FILE_DIR)/Pods-DataTranferWithDelegateUITests-checkManifestLockResult.txt",
			);
			runOnlyForDeploymentPostprocessing = 0;
			shellPath = /bin/sh;
			shellScript = "diff \"${PODS_PODFILE_DIR_PATH}/Podfile.lock\" \"${PODS_ROOT}/Manifest.lock\" > /dev/null\nif [ $? != 0 ] ; then\n    # print error to STDERR\n    echo \"error: The sandbox is not in sync with the Podfile.lock. Run 'pod install' or update your CocoaPods installation.\" >&2\n    exit 1\nfi\n# This output is used by Xcode 'outputs' to avoid re-running this script phase.\necho \"SUCCESS\" > \"${SCRIPT_OUTPUT_FILE_0}\"\n";
			showEnvVarsInLog = 0;
		};
		A501ACA09C0D1B8A1486C8D8 /* [CP] Check Pods Manifest.lock */ = {
			isa = PBXShellScriptBuildPhase;
			buildActionMask = 2147483647;
			files = (
			);
			inputPaths = (
				"${PODS_PODFILE_DIR_PATH}/Podfile.lock",
				"${PODS_ROOT}/Manifest.lock",
			);
			name = "[CP] Check Pods Manifest.lock";
			outputPaths = (
				"$(DERIVED_FILE_DIR)/Pods-DataTranferWithDelegate-checkManifestLockResult.txt",
			);
			runOnlyForDeploymentPostprocessing = 0;
			shellPath = /bin/sh;
			shellScript = "diff \"${PODS_PODFILE_DIR_PATH}/Podfile.lock\" \"${PODS_ROOT}/Manifest.lock\" > /dev/null\nif [ $? != 0 ] ; then\n    # print error to STDERR\n    echo \"error: The sandbox is not in sync with the Podfile.lock. Run 'pod install' or update your CocoaPods installation.\" >&2\n    exit 1\nfi\n# This output is used by Xcode 'outputs' to avoid re-running this script phase.\necho \"SUCCESS\" > \"${SCRIPT_OUTPUT_FILE_0}\"\n";
			showEnvVarsInLog = 0;
		};
		BE3400C4BCCBE2089F856C16 /* [CP] Check Pods Manifest.lock */ = {
			isa = PBXShellScriptBuildPhase;
			buildActionMask = 2147483647;
			files = (
			);
			inputPaths = (
				"${PODS_PODFILE_DIR_PATH}/Podfile.lock",
				"${PODS_ROOT}/Manifest.lock",
			);
			name = "[CP] Check Pods Manifest.lock";
			outputPaths = (
				"$(DERIVED_FILE_DIR)/Pods-DataTranferWithDelegateTests-checkManifestLockResult.txt",
			);
			runOnlyForDeploymentPostprocessing = 0;
			shellPath = /bin/sh;
			shellScript = "diff \"${PODS_PODFILE_DIR_PATH}/Podfile.lock\" \"${PODS_ROOT}/Manifest.lock\" > /dev/null\nif [ $? != 0 ] ; then\n    # print error to STDERR\n    echo \"error: The sandbox is not in sync with the Podfile.lock. Run 'pod install' or update your CocoaPods installation.\" >&2\n    exit 1\nfi\n# This output is used by Xcode 'outputs' to avoid re-running this script phase.\necho \"SUCCESS\" > \"${SCRIPT_OUTPUT_FILE_0}\"\n";
			showEnvVarsInLog = 0;
		};
		FA400C54625E927973069D7A /* [CP] Embed Pods Frameworks */ = {
			isa = PBXShellScriptBuildPhase;
			buildActionMask = 2147483647;
			files = (
			);
			inputPaths = (
				"${SRCROOT}/Pods/Target Support Files/Pods-DataTranferWithDelegate/Pods-DataTranferWithDelegate-frameworks.sh",
				"${BUILT_PRODUCTS_DIR}/TextFieldEffects/TextFieldEffects.framework",
			);
			name = "[CP] Embed Pods Frameworks";
			outputPaths = (
				"${TARGET_BUILD_DIR}/${FRAMEWORKS_FOLDER_PATH}/TextFieldEffects.framework",
			);
			runOnlyForDeploymentPostprocessing = 0;
			shellPath = /bin/sh;
			shellScript = "\"${SRCROOT}/Pods/Target Support Files/Pods-DataTranferWithDelegate/Pods-DataTranferWithDelegate-frameworks.sh\"\n";
			showEnvVarsInLog = 0;
		};
/* End PBXShellScriptBuildPhase section */

/* Begin PBXSourcesBuildPhase section */
		31698F6B237ECABB00A273D5 /* Sources */ = {
			isa = PBXSourcesBuildPhase;
			buildActionMask = 2147483647;
			files = (
				31698F75237ECABB00A273D5 /* ViewController.swift in Sources */,
				31698FA1237ECB1400A273D5 /* secondViewController.swift in Sources */,
				31698FA5237ECB4D00A273D5 /* delegateProtocol.swift in Sources */,
				31698F73237ECABB00A273D5 /* AppDelegate.swift in Sources */,
			);
			runOnlyForDeploymentPostprocessing = 0;
		};
		31698F7F237ECABE00A273D5 /* Sources */ = {
			isa = PBXSourcesBuildPhase;
			buildActionMask = 2147483647;
			files = (
				31698F88237ECABE00A273D5 /* DataTranferWithDelegateTests.swift in Sources */,
			);
			runOnlyForDeploymentPostprocessing = 0;
		};
		31698F8A237ECABE00A273D5 /* Sources */ = {
			isa = PBXSourcesBuildPhase;
			buildActionMask = 2147483647;
			files = (
				31698F93237ECABE00A273D5 /* DataTranferWithDelegateUITests.swift in Sources */,
			);
			runOnlyForDeploymentPostprocessing = 0;
		};
/* End PBXSourcesBuildPhase section */

/* Begin PBXTargetDependency section */
		31698F85237ECABE00A273D5 /* PBXTargetDependency */ = {
			isa = PBXTargetDependency;
			target = 31698F6E237ECABB00A273D5 /* DataTranferWithDelegate */;
			targetProxy = 31698F84237ECABE00A273D5 /* PBXContainerItemProxy */;
		};
		31698F90237ECABE00A273D5 /* PBXTargetDependency */ = {
			isa = PBXTargetDependency;
			target = 31698F6E237ECABB00A273D5 /* DataTranferWithDelegate */;
			targetProxy = 31698F8F237ECABE00A273D5 /* PBXContainerItemProxy */;
		};
/* End PBXTargetDependency section */

/* Begin PBXVariantGroup section */
		31698F76237ECABB00A273D5 /* Main.storyboard */ = {
			isa = PBXVariantGroup;
			children = (
				31698F77237ECABB00A273D5 /* Base */,
			);
			name = Main.storyboard;
			sourceTree = "<group>";
		};
		31698F7B237ECABE00A273D5 /* LaunchScreen.storyboard */ = {
			isa = PBXVariantGroup;
			children = (
				31698F7C237ECABE00A273D5 /* Base */,
			);
			name = LaunchScreen.storyboard;
			sourceTree = "<group>";
		};
/* End PBXVariantGroup section */

/* Begin XCBuildConfiguration section */
		31698F95237ECABE00A273D5 /* Debug */ = {
			isa = XCBuildConfiguration;
			buildSettings = {
				ALWAYS_SEARCH_USER_PATHS = NO;
				CLANG_ANALYZER_NONNULL = YES;
				CLANG_ANALYZER_NUMBER_OBJECT_CONVERSION = YES_AGGRESSIVE;
				CLANG_CXX_LANGUAGE_STANDARD = "gnu++14";
				CLANG_CXX_LIBRARY = "libc++";
				CLANG_ENABLE_MODULES = YES;
				CLANG_ENABLE_OBJC_ARC = YES;
				CLANG_ENABLE_OBJC_WEAK = YES;
				CLANG_WARN_BLOCK_CAPTURE_AUTORELEASING = YES;
				CLANG_WARN_BOOL_CONVERSION = YES;
				CLANG_WARN_COMMA = YES;
				CLANG_WARN_CONSTANT_CONVERSION = YES;
				CLANG_WARN_DEPRECATED_OBJC_IMPLEMENTATIONS = YES;
				CLANG_WARN_DIRECT_OBJC_ISA_USAGE = YES_ERROR;
				CLANG_WARN_DOCUMENTATION_COMMENTS = YES;
				CLANG_WARN_EMPTY_BODY = YES;
				CLANG_WARN_ENUM_CONVERSION = YES;
				CLANG_WARN_INFINITE_RECURSION = YES;
				CLANG_WARN_INT_CONVERSION = YES;
				CLANG_WARN_NON_LITERAL_NULL_CONVERSION = YES;
				CLANG_WARN_OBJC_IMPLICIT_RETAIN_SELF = YES;
				CLANG_WARN_OBJC_LITERAL_CONVERSION = YES;
				CLANG_WARN_OBJC_ROOT_CLASS = YES_ERROR;
				CLANG_WARN_RANGE_LOOP_ANALYSIS = YES;
				CLANG_WARN_STRICT_PROTOTYPES = YES;
				CLANG_WARN_SUSPICIOUS_MOVE = YES;
				CLANG_WARN_UNGUARDED_AVAILABILITY = YES_AGGRESSIVE;
				CLANG_WARN_UNREACHABLE_CODE = YES;
				CLANG_WARN__DUPLICATE_METHOD_MATCH = YES;
				CODE_SIGN_IDENTITY = "iPhone Developer";
				COPY_PHASE_STRIP = NO;
				DEBUG_INFORMATION_FORMAT = dwarf;
				ENABLE_STRICT_OBJC_MSGSEND = YES;
				ENABLE_TESTABILITY = YES;
				GCC_C_LANGUAGE_STANDARD = gnu11;
				GCC_DYNAMIC_NO_PIC = NO;
				GCC_NO_COMMON_BLOCKS = YES;
				GCC_OPTIMIZATION_LEVEL = 0;
				GCC_PREPROCESSOR_DEFINITIONS = (
					"DEBUG=1",
					"$(inherited)",
				);
				GCC_WARN_64_TO_32_BIT_CONVERSION = YES;
				GCC_WARN_ABOUT_RETURN_TYPE = YES_ERROR;
				GCC_WARN_UNDECLARED_SELECTOR = YES;
				GCC_WARN_UNINITIALIZED_AUTOS = YES_AGGRESSIVE;
				GCC_WARN_UNUSED_FUNCTION = YES;
				GCC_WARN_UNUSED_VARIABLE = YES;
				IPHONEOS_DEPLOYMENT_TARGET = 12.1;
				MTL_ENABLE_DEBUG_INFO = INCLUDE_SOURCE;
				MTL_FAST_MATH = YES;
				ONLY_ACTIVE_ARCH = YES;
				SDKROOT = iphoneos;
				SWIFT_ACTIVE_COMPILATION_CONDITIONS = DEBUG;
				SWIFT_OPTIMIZATION_LEVEL = "-Onone";
			};
			name = Debug;
		};
		31698F96237ECABE00A273D5 /* Release */ = {
			isa = XCBuildConfiguration;
			buildSettings = {
				ALWAYS_SEARCH_USER_PATHS = NO;
				CLANG_ANALYZER_NONNULL = YES;
				CLANG_ANALYZER_NUMBER_OBJECT_CONVERSION = YES_AGGRESSIVE;
				CLANG_CXX_LANGUAGE_STANDARD = "gnu++14";
				CLANG_CXX_LIBRARY = "libc++";
				CLANG_ENABLE_MODULES = YES;
				CLANG_ENABLE_OBJC_ARC = YES;
				CLANG_ENABLE_OBJC_WEAK = YES;
				CLANG_WARN_BLOCK_CAPTURE_AUTORELEASING = YES;
				CLANG_WARN_BOOL_CONVERSION = YES;
				CLANG_WARN_COMMA = YES;
				CLANG_WARN_CONSTANT_CONVERSION = YES;
				CLANG_WARN_DEPRECATED_OBJC_IMPLEMENTATIONS = YES;
				CLANG_WARN_DIRECT_OBJC_ISA_USAGE = YES_ERROR;
				CLANG_WARN_DOCUMENTATION_COMMENTS = YES;
				CLANG_WARN_EMPTY_BODY = YES;
				CLANG_WARN_ENUM_CONVERSION = YES;
				CLANG_WARN_INFINITE_RECURSION = YES;
				CLANG_WARN_INT_CONVERSION = YES;
				CLANG_WARN_NON_LITERAL_NULL_CONVERSION = YES;
				CLANG_WARN_OBJC_IMPLICIT_RETAIN_SELF = YES;
				CLANG_WARN_OBJC_LITERAL_CONVERSION = YES;
				CLANG_WARN_OBJC_ROOT_CLASS = YES_ERROR;
				CLANG_WARN_RANGE_LOOP_ANALYSIS = YES;
				CLANG_WARN_STRICT_PROTOTYPES = YES;
				CLANG_WARN_SUSPICIOUS_MOVE = YES;
				CLANG_WARN_UNGUARDED_AVAILABILITY = YES_AGGRESSIVE;
				CLANG_WARN_UNREACHABLE_CODE = YES;
				CLANG_WARN__DUPLICATE_METHOD_MATCH = YES;
				CODE_SIGN_IDENTITY = "iPhone Developer";
				COPY_PHASE_STRIP = NO;
				DEBUG_INFORMATION_FORMAT = "dwarf-with-dsym";
				ENABLE_NS_ASSERTIONS = NO;
				ENABLE_STRICT_OBJC_MSGSEND = YES;
				GCC_C_LANGUAGE_STANDARD = gnu11;
				GCC_NO_COMMON_BLOCKS = YES;
				GCC_WARN_64_TO_32_BIT_CONVERSION = YES;
				GCC_WARN_ABOUT_RETURN_TYPE = YES_ERROR;
				GCC_WARN_UNDECLARED_SELECTOR = YES;
				GCC_WARN_UNINITIALIZED_AUTOS = YES_AGGRESSIVE;
				GCC_WARN_UNUSED_FUNCTION = YES;
				GCC_WARN_UNUSED_VARIABLE = YES;
				IPHONEOS_DEPLOYMENT_TARGET = 12.1;
				MTL_ENABLE_DEBUG_INFO = NO;
				MTL_FAST_MATH = YES;
				SDKROOT = iphoneos;
				SWIFT_COMPILATION_MODE = wholemodule;
				SWIFT_OPTIMIZATION_LEVEL = "-O";
				VALIDATE_PRODUCT = YES;
			};
			name = Release;
		};
		31698F98237ECABE00A273D5 /* Debug */ = {
			isa = XCBuildConfiguration;
			baseConfigurationReference = F79C70A48904EF4BA28BC06E /* Pods-DataTranferWithDelegate.debug.xcconfig */;
			buildSettings = {
				ASSETCATALOG_COMPILER_APPICON_NAME = AppIcon;
				CODE_SIGN_STYLE = Automatic;
				INFOPLIST_FILE = DataTranferWithDelegate/Info.plist;
				LD_RUNPATH_SEARCH_PATHS = (
					"$(inherited)",
					"@executable_path/Frameworks",
				);
				PRODUCT_BUNDLE_IDENTIFIER = shanth.DataTranferWithDelegate;
				PRODUCT_NAME = "$(TARGET_NAME)";
				SWIFT_VERSION = 4.2;
				TARGETED_DEVICE_FAMILY = "1,2";
			};
			name = Debug;
		};
		31698F99237ECABE00A273D5 /* Release */ = {
			isa = XCBuildConfiguration;
			baseConfigurationReference = 7CEE963B24A01A979704DC06 /* Pods-DataTranferWithDelegate.release.xcconfig */;
			buildSettings = {
				ASSETCATALOG_COMPILER_APPICON_NAME = AppIcon;
				CODE_SIGN_STYLE = Automatic;
				INFOPLIST_FILE = DataTranferWithDelegate/Info.plist;
				LD_RUNPATH_SEARCH_PATHS = (
					"$(inherited)",
					"@executable_path/Frameworks",
				);
				PRODUCT_BUNDLE_IDENTIFIER = shanth.DataTranferWithDelegate;
				PRODUCT_NAME = "$(TARGET_NAME)";
				SWIFT_VERSION = 4.2;
				TARGETED_DEVICE_FAMILY = "1,2";
			};
			name = Release;
		};
		31698F9B237ECABE00A273D5 /* Debug */ = {
			isa = XCBuildConfiguration;
			baseConfigurationReference = 1D9BBFBB44145824612CB1F1 /* Pods-DataTranferWithDelegateTests.debug.xcconfig */;
			buildSettings = {
				ALWAYS_EMBED_SWIFT_STANDARD_LIBRARIES = YES;
				BUNDLE_LOADER = "$(TEST_HOST)";
				CODE_SIGN_STYLE = Automatic;
				INFOPLIST_FILE = DataTranferWithDelegateTests/Info.plist;
				LD_RUNPATH_SEARCH_PATHS = (
					"$(inherited)",
					"@executable_path/Frameworks",
					"@loader_path/Frameworks",
				);
				PRODUCT_BUNDLE_IDENTIFIER = shanth.DataTranferWithDelegateTests;
				PRODUCT_NAME = "$(TARGET_NAME)";
				SWIFT_VERSION = 4.2;
				TARGETED_DEVICE_FAMILY = "1,2";
				TEST_HOST = "$(BUILT_PRODUCTS_DIR)/DataTranferWithDelegate.app/DataTranferWithDelegate";
			};
			name = Debug;
		};
		31698F9C237ECABE00A273D5 /* Release */ = {
			isa = XCBuildConfiguration;
			baseConfigurationReference = 4BEC44DFBEAC21C0B62DF768 /* Pods-DataTranferWithDelegateTests.release.xcconfig */;
			buildSettings = {
				ALWAYS_EMBED_SWIFT_STANDARD_LIBRARIES = YES;
				BUNDLE_LOADER = "$(TEST_HOST)";
				CODE_SIGN_STYLE = Automatic;
				INFOPLIST_FILE = DataTranferWithDelegateTests/Info.plist;
				LD_RUNPATH_SEARCH_PATHS = (
					"$(inherited)",
					"@executable_path/Frameworks",
					"@loader_path/Frameworks",
				);
				PRODUCT_BUNDLE_IDENTIFIER = shanth.DataTranferWithDelegateTests;
				PRODUCT_NAME = "$(TARGET_NAME)";
				SWIFT_VERSION = 4.2;
				TARGETED_DEVICE_FAMILY = "1,2";
				TEST_HOST = "$(BUILT_PRODUCTS_DIR)/DataTranferWithDelegate.app/DataTranferWithDelegate";
			};
			name = Release;
		};
		31698F9E237ECABE00A273D5 /* Debug */ = {
			isa = XCBuildConfiguration;
			baseConfigurationReference = 60E02BD5B20BFF6512278A88 /* Pods-DataTranferWithDelegateUITests.debug.xcconfig */;
			buildSettings = {
				ALWAYS_EMBED_SWIFT_STANDARD_LIBRARIES = YES;
				CODE_SIGN_STYLE = Automatic;
				INFOPLIST_FILE = DataTranferWithDelegateUITests/Info.plist;
				LD_RUNPATH_SEARCH_PATHS = (
					"$(inherited)",
					"@executable_path/Frameworks",
					"@loader_path/Frameworks",
				);
				PRODUCT_BUNDLE_IDENTIFIER = shanth.DataTranferWithDelegateUITests;
				PRODUCT_NAME = "$(TARGET_NAME)";
				SWIFT_VERSION = 4.2;
				TARGETED_DEVICE_FAMILY = "1,2";
				TEST_TARGET_NAME = DataTranferWithDelegate;
			};
			name = Debug;
		};
		31698F9F237ECABE00A273D5 /* Release */ = {
			isa = XCBuildConfiguration;
			baseConfigurationReference = 56166586D0D077F646ECC223 /* Pods-DataTranferWithDelegateUITests.release.xcconfig */;
			buildSettings = {
				ALWAYS_EMBED_SWIFT_STANDARD_LIBRARIES = YES;
				CODE_SIGN_STYLE = Automatic;
				INFOPLIST_FILE = DataTranferWithDelegateUITests/Info.plist;
				LD_RUNPATH_SEARCH_PATHS = (
					"$(inherited)",
					"@executable_path/Frameworks",
					"@loader_path/Frameworks",
				);
				PRODUCT_BUNDLE_IDENTIFIER = shanth.DataTranferWithDelegateUITests;
				PRODUCT_NAME = "$(TARGET_NAME)";
				SWIFT_VERSION = 4.2;
				TARGETED_DEVICE_FAMILY = "1,2";
				TEST_TARGET_NAME = DataTranferWithDelegate;
			};
			name = Release;
		};
/* End XCBuildConfiguration section */

/* Begin XCConfigurationList section */
		31698F6A237ECABB00A273D5 /* Build configuration list for PBXProject "DataTranferWithDelegate" */ = {
			isa = XCConfigurationList;
			buildConfigurations = (
				31698F95237ECABE00A273D5 /* Debug */,
				31698F96237ECABE00A273D5 /* Release */,
			);
			defaultConfigurationIsVisible = 0;
			defaultConfigurationName = Release;
		};
		31698F97237ECABE00A273D5 /* Build configuration list for PBXNativeTarget "DataTranferWithDelegate" */ = {
			isa = XCConfigurationList;
			buildConfigurations = (
				31698F98237ECABE00A273D5 /* Debug */,
				31698F99237ECABE00A273D5 /* Release */,
			);
			defaultConfigurationIsVisible = 0;
			defaultConfigurationName = Release;
		};
		31698F9A237ECABE00A273D5 /* Build configuration list for PBXNativeTarget "DataTranferWithDelegateTests" */ = {
			isa = XCConfigurationList;
			buildConfigurations = (
				31698F9B237ECABE00A273D5 /* Debug */,
				31698F9C237ECABE00A273D5 /* Release */,
			);
			defaultConfigurationIsVisible = 0;
			defaultConfigurationName = Release;
		};
		31698F9D237ECABE00A273D5 /* Build configuration list for PBXNativeTarget "DataTranferWithDelegateUITests" */ = {
			isa = XCConfigurationList;
			buildConfigurations = (
				31698F9E237ECABE00A273D5 /* Debug */,
				31698F9F237ECABE00A273D5 /* Release */,
			);
			defaultConfigurationIsVisible = 0;
			defaultConfigurationName = Release;
		};
/* End XCConfigurationList section */
	};
	rootObject = 31698F67237ECABB00A273D5 /* Project object */;
}
